
Microsoft Visual Studio Solution File, Format Version 12.00
# Visual Studio Version 16
VisualStudioVersion = 16.0.30406.217
MinimumVisualStudioVersion = 10.0.40219.1
Project("{FAE04EC0-301F-11D3-BF4B-00C04F79EFBC}") = "BuscaCEP", "BuscaCEP.csproj", "{125AE46F-1992-48C5-A306-5B778E26C92C}"
EndProject
Global
	GlobalSection(SolutionConfigurationPlatforms) = preSolution
		Debug|Any CPU = Debug|Any CPU
		Release|Any CPU = Release|Any CPU
	EndGlobalSection
	GlobalSection(ProjectConfigurationPlatforms) = postSolution
		{125AE46F-1992-48C5-A306-5B778E26C92C}.Debug|Any CPU.ActiveCfg = Debug|Any CPU
		{125AE46F-1992-48C5-A306-5B778E26C92C}.Debug|Any CPU.Build.0 = Debug|Any CPU
		{125AE46F-1992-48C5-A306-5B778E26C92C}.Release|Any CPU.ActiveCfg = Release|Any CPU
		{125AE46F-1992-48C5-A306-5B778E26C92C}.Release|Any CPU.Build.0 = Release|Any CPU
	EndGlobalSection
	GlobalSection(SolutionProperties) = preSolution
		HideSolutionNode = FALSE
	EndGlobalSection
	GlobalSection(ExtensibilityGlobals) = postSolution
		SolutionGuid = {FF5B681E-C430-4D44-90A6-55044A631DDA}
	EndGlobalSection
EndGlobal
